
Microsoft Visual Studio Solution File, Format Version 12.00
# Visual Studio Version 17
VisualStudioVersion = 17.0.31903.59
MinimumVisualStudioVersion = 10.0.40219.1
Project("{FAE04EC0-301F-11D3-BF4B-00C04F79EFBC}") = "ConsoleApp1", "src\ConsoleApp1\ConsoleApp1.csproj", "{C5D0768F-6689-4238-8596-937011A1C341}"
EndProject
Project("{FAE04EC0-301F-11D3-BF4B-00C04F79EFBC}") = "ConsoleApp2", "src\ConsoleApp2\ConsoleApp2.csproj", "{6C1231E4-5560-463E-8F72-D1510CF20B63}"
EndProject
Project("{FAE04EC0-301F-11D3-BF4B-00C04F79EFBC}") = "ConsoleApp3", "src\ConsoleApp3\ConsoleApp3.csproj", "{3D52E2A9-95C5-4CEC-A646-A99F39D67CE8}"
EndProject
Global
	GlobalSection(SolutionConfigurationPlatforms) = preSolution
		Debug|Any CPU = Debug|Any CPU
		Release|Any CPU = Release|Any CPU
	EndGlobalSection
	GlobalSection(ProjectConfigurationPlatforms) = postSolution
		{C5D0768F-6689-4238-8596-937011A1C341}.Debug|Any CPU.ActiveCfg = Debug|Any CPU
		{C5D0768F-6689-4238-8596-937011A1C341}.Debug|Any CPU.Build.0 = Debug|Any CPU
		{C5D0768F-6689-4238-8596-937011A1C341}.Release|Any CPU.ActiveCfg = Release|Any CPU
		{C5D0768F-6689-4238-8596-937011A1C341}.Release|Any CPU.Build.0 = Release|Any CPU
		{6C1231E4-5560-463E-8F72-D1510CF20B63}.Debug|Any CPU.ActiveCfg = Debug|Any CPU
		{6C1231E4-5560-463E-8F72-D1510CF20B63}.Debug|Any CPU.Build.0 = Debug|Any CPU
		{6C1231E4-5560-463E-8F72-D1510CF20B63}.Release|Any CPU.ActiveCfg = Release|Any CPU
		{6C1231E4-5560-463E-8F72-D1510CF20B63}.Release|Any CPU.Build.0 = Release|Any CPU
		{3D52E2A9-95C5-4CEC-A646-A99F39D67CE8}.Debug|Any CPU.ActiveCfg = Debug|Any CPU
		{3D52E2A9-95C5-4CEC-A646-A99F39D67CE8}.Debug|Any CPU.Build.0 = Debug|Any CPU
		{3D52E2A9-95C5-4CEC-A646-A99F39D67CE8}.Release|Any CPU.ActiveCfg = Release|Any CPU
		{3D52E2A9-95C5-4CEC-A646-A99F39D67CE8}.Release|Any CPU.Build.0 = Release|Any CPU
	EndGlobalSection
	GlobalSection(SolutionProperties) = preSolution
		HideSolutionNode = FALSE
	EndGlobalSection
EndGlobal
